
Microsoft Visual Studio Solution File, Format Version 12.00
# Visual Studio Version 17
VisualStudioVersion = 17.10.35013.160
MinimumVisualStudioVersion = 10.0.40219.1
Project("{2150E333-8FDC-42A3-9474-1A3956D46DE8}") = "Hour03", "Hour03", "{7F918528-622A-41C9-9605-DFA23D698780}"
EndProject
Project("{9A19103F-16F7-4668-BE54-9A1E7A4F7556}") = "FontViewer", "FontViewer\FontViewer.csproj", "{55CB5DFA-8C50-4ABB-BC1A-E2A0D8C06BEB}"
EndProject
Project("{2150E333-8FDC-42A3-9474-1A3956D46DE8}") = "Hour04", "Hour04", "{22189A81-5E6A-482F-9C23-54DA00A40B6C}"
EndProject
Project("{FAE04EC0-301F-11D3-BF4B-00C04F79EFBC}") = "AlignmentAndMargin", "AlignmentAndMargin\AlignmentAndMargin.csproj", "{D97A1CC5-A7DD-4D94-8638-C468DA5AE596}"
EndProject
Project("{FAE04EC0-301F-11D3-BF4B-00C04F79EFBC}") = "UseAGrid", "UseAGrid\UseAGrid.csproj", "{DB013065-FF37-4A1C-9719-2C0B586B6E36}"
EndProject
Project("{FAE04EC0-301F-11D3-BF4B-00C04F79EFBC}") = "UsingDecorators", "UsingDecorators\UsingDecorators.csproj", "{9086AD0D-CE4D-48D2-8043-1D15539474BF}"
EndProject
Project("{2150E333-8FDC-42A3-9474-1A3956D46DE8}") = "Hour05", "Hour05", "{0B02AA24-548E-4686-B161-32D3655DB797}"
EndProject
Global
	GlobalSection(SolutionConfigurationPlatforms) = preSolution
		Debug|Any CPU = Debug|Any CPU
		Release|Any CPU = Release|Any CPU
	EndGlobalSection
	GlobalSection(ProjectConfigurationPlatforms) = postSolution
		{55CB5DFA-8C50-4ABB-BC1A-E2A0D8C06BEB}.Debug|Any CPU.ActiveCfg = Debug|Any CPU
		{55CB5DFA-8C50-4ABB-BC1A-E2A0D8C06BEB}.Debug|Any CPU.Build.0 = Debug|Any CPU
		{55CB5DFA-8C50-4ABB-BC1A-E2A0D8C06BEB}.Release|Any CPU.ActiveCfg = Release|Any CPU
		{55CB5DFA-8C50-4ABB-BC1A-E2A0D8C06BEB}.Release|Any CPU.Build.0 = Release|Any CPU
		{D97A1CC5-A7DD-4D94-8638-C468DA5AE596}.Debug|Any CPU.ActiveCfg = Debug|Any CPU
		{D97A1CC5-A7DD-4D94-8638-C468DA5AE596}.Debug|Any CPU.Build.0 = Debug|Any CPU
		{D97A1CC5-A7DD-4D94-8638-C468DA5AE596}.Release|Any CPU.ActiveCfg = Release|Any CPU
		{D97A1CC5-A7DD-4D94-8638-C468DA5AE596}.Release|Any CPU.Build.0 = Release|Any CPU
		{DB013065-FF37-4A1C-9719-2C0B586B6E36}.Debug|Any CPU.ActiveCfg = Debug|Any CPU
		{DB013065-FF37-4A1C-9719-2C0B586B6E36}.Debug|Any CPU.Build.0 = Debug|Any CPU
		{DB013065-FF37-4A1C-9719-2C0B586B6E36}.Release|Any CPU.ActiveCfg = Release|Any CPU
		{DB013065-FF37-4A1C-9719-2C0B586B6E36}.Release|Any CPU.Build.0 = Release|Any CPU
		{9086AD0D-CE4D-48D2-8043-1D15539474BF}.Debug|Any CPU.ActiveCfg = Debug|Any CPU
		{9086AD0D-CE4D-48D2-8043-1D15539474BF}.Debug|Any CPU.Build.0 = Debug|Any CPU
		{9086AD0D-CE4D-48D2-8043-1D15539474BF}.Release|Any CPU.ActiveCfg = Release|Any CPU
		{9086AD0D-CE4D-48D2-8043-1D15539474BF}.Release|Any CPU.Build.0 = Release|Any CPU
	EndGlobalSection
	GlobalSection(SolutionProperties) = preSolution
		HideSolutionNode = FALSE
	EndGlobalSection
	GlobalSection(NestedProjects) = preSolution
		{55CB5DFA-8C50-4ABB-BC1A-E2A0D8C06BEB} = {7F918528-622A-41C9-9605-DFA23D698780}
		{D97A1CC5-A7DD-4D94-8638-C468DA5AE596} = {22189A81-5E6A-482F-9C23-54DA00A40B6C}
		{DB013065-FF37-4A1C-9719-2C0B586B6E36} = {22189A81-5E6A-482F-9C23-54DA00A40B6C}
		{9086AD0D-CE4D-48D2-8043-1D15539474BF} = {22189A81-5E6A-482F-9C23-54DA00A40B6C}
	EndGlobalSection
	GlobalSection(ExtensibilityGlobals) = postSolution
		SolutionGuid = {9DFB3430-0CC6-40A2-B0C8-51AF11165F59}
	EndGlobalSection
EndGlobal
